
Microsoft Visual Studio Solution File, Format Version 11.00
# Visual Studio 2010
Project("{FAE04EC0-301F-11D3-BF4B-00C04F79EFBC}") = "UnityEngine.TestRunner", "UnityEngine.TestRunner.csproj", "{ce4561fb-a865-8c68-5110-a8292e465496}"
EndProject
Project("{FAE04EC0-301F-11D3-BF4B-00C04F79EFBC}") = "Unity.2D.Animation.Triangle.Runtime", "Unity.2D.Animation.Triangle.Runtime.csproj", "{15ccace7-6a69-e9f5-b9df-d935f06589d3}"
EndProject
Project("{FAE04EC0-301F-11D3-BF4B-00C04F79EFBC}") = "Assembly-CSharp", "Assembly-CSharp.csproj", "{c9d7094f-0d76-5385-0423-c15527590ee7}"
EndProject
Project("{FAE04EC0-301F-11D3-BF4B-00C04F79EFBC}") = "UnityEngine.UI", "UnityEngine.UI.csproj", "{3f131854-bbfb-b519-f5c0-5b6aac3b5e4a}"
EndProject
Project("{FAE04EC0-301F-11D3-BF4B-00C04F79EFBC}") = "Unity.TextMeshPro", "Unity.TextMeshPro.csproj", "{4575f7fb-5b75-3d25-4039-c8a1bde4775f}"
EndProject
Project("{FAE04EC0-301F-11D3-BF4B-00C04F79EFBC}") = "Unity.2D.Animation.Runtime", "Unity.2D.Animation.Runtime.csproj", "{9313be10-7da1-7595-d911-15995dbfc4c4}"
EndProject
Project("{FAE04EC0-301F-11D3-BF4B-00C04F79EFBC}") = "Unity.Timeline", "Unity.Timeline.csproj", "{4e8f8694-1d57-f62e-e9f5-a3d9cecaea48}"
EndProject
Project("{FAE04EC0-301F-11D3-BF4B-00C04F79EFBC}") = "Unity.Mathematics", "Unity.Mathematics.csproj", "{4d154dd3-383e-5d9d-9480-5c93c284afe4}"
EndProject
Project("{FAE04EC0-301F-11D3-BF4B-00C04F79EFBC}") = "Unity.2D.SpriteShape.Runtime", "Unity.2D.SpriteShape.Runtime.csproj", "{09a8d5d1-12fe-9228-ba75-d9e72c278adb}"
EndProject
Project("{FAE04EC0-301F-11D3-BF4B-00C04F79EFBC}") = "Unity.2D.PixelPerfect", "Unity.2D.PixelPerfect.csproj", "{c7b247c1-fc5e-b64e-d95c-be1fac8682dc}"
EndProject
Project("{FAE04EC0-301F-11D3-BF4B-00C04F79EFBC}") = "Unity.InternalAPIEngineBridge.001", "Unity.InternalAPIEngineBridge.001.csproj", "{c5da8e35-6b8e-3acc-c277-dce289057b5e}"
EndProject
Project("{FAE04EC0-301F-11D3-BF4B-00C04F79EFBC}") = "Unity.2D.Common.Runtime", "Unity.2D.Common.Runtime.csproj", "{2765c08a-f600-c212-3acf-7e809ed643ed}"
EndProject
Project("{FAE04EC0-301F-11D3-BF4B-00C04F79EFBC}") = "UnityEditor.TestRunner", "UnityEditor.TestRunner.csproj", "{92b0c9a5-7782-0d6b-143a-78aee6c94874}"
EndProject
Project("{FAE04EC0-301F-11D3-BF4B-00C04F79EFBC}") = "Unity.VisualStudio.Editor", "Unity.VisualStudio.Editor.csproj", "{a3cbcc1b-f312-ab79-a47f-a1b4b8728554}"
EndProject
Project("{FAE04EC0-301F-11D3-BF4B-00C04F79EFBC}") = "Unity.TextMeshPro.Editor", "Unity.TextMeshPro.Editor.csproj", "{7ece05da-a0fe-3c8b-9e61-9c5410ccb6f6}"
EndProject
Project("{FAE04EC0-301F-11D3-BF4B-00C04F79EFBC}") = "Unity.Timeline.Editor", "Unity.Timeline.Editor.csproj", "{713e826b-c6bb-c32e-ee7c-03e2bd737709}"
EndProject
Project("{FAE04EC0-301F-11D3-BF4B-00C04F79EFBC}") = "Unity.PlasticSCM.Editor", "Unity.PlasticSCM.Editor.csproj", "{cf797c79-bc70-3c54-e5a4-ea9a37e34fec}"
EndProject
Project("{FAE04EC0-301F-11D3-BF4B-00C04F79EFBC}") = "Unity.2D.Animation.Editor", "Unity.2D.Animation.Editor.csproj", "{55cd756a-e703-4034-8942-8652f565cec9}"
EndProject
Project("{FAE04EC0-301F-11D3-BF4B-00C04F79EFBC}") = "Unity.2D.Path.Editor", "Unity.2D.Path.Editor.csproj", "{116f129d-5cfb-306b-b3ee-94c55c1bf8df}"
EndProject
Project("{FAE04EC0-301F-11D3-BF4B-00C04F79EFBC}") = "Unity.2D.Sprite.Editor", "Unity.2D.Sprite.Editor.csproj", "{b0964b58-5704-9aa4-276f-a8a65c19c4f7}"
EndProject
Project("{FAE04EC0-301F-11D3-BF4B-00C04F79EFBC}") = "UnityEditor.UI", "UnityEditor.UI.csproj", "{b22c42cc-a626-90ed-c62e-24a364890cd0}"
EndProject
Project("{FAE04EC0-301F-11D3-BF4B-00C04F79EFBC}") = "Unity.Rider.Editor", "Unity.Rider.Editor.csproj", "{3f11de05-49f3-c862-2795-7f798ea4d447}"
EndProject
Project("{FAE04EC0-301F-11D3-BF4B-00C04F79EFBC}") = "Unity.2D.Tilemap.Editor", "Unity.2D.Tilemap.Editor.csproj", "{4bed5380-e2a2-bc1e-062e-6230894488e5}"
EndProject
Project("{FAE04EC0-301F-11D3-BF4B-00C04F79EFBC}") = "Unity.2D.SpriteShape.Editor", "Unity.2D.SpriteShape.Editor.csproj", "{338260bf-069b-ff68-04eb-6bb68ee575c8}"
EndProject
Project("{FAE04EC0-301F-11D3-BF4B-00C04F79EFBC}") = "PsdPlugin", "PsdPlugin.csproj", "{123d7058-f01f-b206-efb5-38de18058664}"
EndProject
Project("{FAE04EC0-301F-11D3-BF4B-00C04F79EFBC}") = "Unity.CollabProxy.Editor", "Unity.CollabProxy.Editor.csproj", "{d28e56dc-5561-a53e-38ba-5a4bc7018359}"
EndProject
Project("{FAE04EC0-301F-11D3-BF4B-00C04F79EFBC}") = "Unity.VSCode.Editor", "Unity.VSCode.Editor.csproj", "{fae98b5c-c0f4-b53a-c692-3429c6c1f921}"
EndProject
Project("{FAE04EC0-301F-11D3-BF4B-00C04F79EFBC}") = "Unity.2D.Common.Editor", "Unity.2D.Common.Editor.csproj", "{7036a2e0-2c9e-b703-9a97-7dae18230337}"
EndProject
Project("{FAE04EC0-301F-11D3-BF4B-00C04F79EFBC}") = "Unity.2D.Psdimporter.Editor", "Unity.2D.Psdimporter.Editor.csproj", "{1ba296a7-e2e6-eaa6-0b11-02cb804cc59d}"
EndProject
Project("{FAE04EC0-301F-11D3-BF4B-00C04F79EFBC}") = "Unity.2D.PixelPerfect.Editor", "Unity.2D.PixelPerfect.Editor.csproj", "{0958eb86-24b5-0662-571d-91aef39057b1}"
EndProject
Project("{FAE04EC0-301F-11D3-BF4B-00C04F79EFBC}") = "Unity.SysrootPackage.Editor", "Unity.SysrootPackage.Editor.csproj", "{463cf9ac-9d6b-787a-0fba-b293832edc68}"
EndProject
Project("{FAE04EC0-301F-11D3-BF4B-00C04F79EFBC}") = "Unity.Mathematics.Editor", "Unity.Mathematics.Editor.csproj", "{342b7b69-01ba-2321-4de6-4090fb05cfbb}"
EndProject
Project("{FAE04EC0-301F-11D3-BF4B-00C04F79EFBC}") = "Unity.Sysroot.Linux_x86_64", "Unity.Sysroot.Linux_x86_64.csproj", "{421e38ca-8ba8-c216-8416-166d5ecdbe94}"
EndProject
Project("{FAE04EC0-301F-11D3-BF4B-00C04F79EFBC}") = "Unity.InternalAPIEditorBridge.001", "Unity.InternalAPIEditorBridge.001.csproj", "{34a6fd05-1d79-5031-496b-ef48c9f26be2}"
EndProject
Project("{FAE04EC0-301F-11D3-BF4B-00C04F79EFBC}") = "Unity.Toolchain.Linux-x86_64", "Unity.Toolchain.Linux-x86_64.csproj", "{21c9b905-e054-c144-84a8-61775fa1981a}"
EndProject
Global
	GlobalSection(SolutionConfigurationPlatforms) = preSolution
		Debug|Any CPU = Debug|Any CPU
	EndGlobalSection
	GlobalSection(ProjectConfigurationPlatforms) = postSolution
		{ce4561fb-a865-8c68-5110-a8292e465496}.Debug|Any CPU.ActiveCfg = Debug|Any CPU
		{ce4561fb-a865-8c68-5110-a8292e465496}.Debug|Any CPU.Build.0 = Debug|Any CPU
		{15ccace7-6a69-e9f5-b9df-d935f06589d3}.Debug|Any CPU.ActiveCfg = Debug|Any CPU
		{15ccace7-6a69-e9f5-b9df-d935f06589d3}.Debug|Any CPU.Build.0 = Debug|Any CPU
		{c9d7094f-0d76-5385-0423-c15527590ee7}.Debug|Any CPU.ActiveCfg = Debug|Any CPU
		{c9d7094f-0d76-5385-0423-c15527590ee7}.Debug|Any CPU.Build.0 = Debug|Any CPU
		{3f131854-bbfb-b519-f5c0-5b6aac3b5e4a}.Debug|Any CPU.ActiveCfg = Debug|Any CPU
		{3f131854-bbfb-b519-f5c0-5b6aac3b5e4a}.Debug|Any CPU.Build.0 = Debug|Any CPU
		{4575f7fb-5b75-3d25-4039-c8a1bde4775f}.Debug|Any CPU.ActiveCfg = Debug|Any CPU
		{4575f7fb-5b75-3d25-4039-c8a1bde4775f}.Debug|Any CPU.Build.0 = Debug|Any CPU
		{9313be10-7da1-7595-d911-15995dbfc4c4}.Debug|Any CPU.ActiveCfg = Debug|Any CPU
		{9313be10-7da1-7595-d911-15995dbfc4c4}.Debug|Any CPU.Build.0 = Debug|Any CPU
		{4e8f8694-1d57-f62e-e9f5-a3d9cecaea48}.Debug|Any CPU.ActiveCfg = Debug|Any CPU
		{4e8f8694-1d57-f62e-e9f5-a3d9cecaea48}.Debug|Any CPU.Build.0 = Debug|Any CPU
		{4d154dd3-383e-5d9d-9480-5c93c284afe4}.Debug|Any CPU.ActiveCfg = Debug|Any CPU
		{4d154dd3-383e-5d9d-9480-5c93c284afe4}.Debug|Any CPU.Build.0 = Debug|Any CPU
		{09a8d5d1-12fe-9228-ba75-d9e72c278adb}.Debug|Any CPU.ActiveCfg = Debug|Any CPU
		{09a8d5d1-12fe-9228-ba75-d9e72c278adb}.Debug|Any CPU.Build.0 = Debug|Any CPU
		{c7b247c1-fc5e-b64e-d95c-be1fac8682dc}.Debug|Any CPU.ActiveCfg = Debug|Any CPU
		{c7b247c1-fc5e-b64e-d95c-be1fac8682dc}.Debug|Any CPU.Build.0 = Debug|Any CPU
		{c5da8e35-6b8e-3acc-c277-dce289057b5e}.Debug|Any CPU.ActiveCfg = Debug|Any CPU
		{c5da8e35-6b8e-3acc-c277-dce289057b5e}.Debug|Any CPU.Build.0 = Debug|Any CPU
		{2765c08a-f600-c212-3acf-7e809ed643ed}.Debug|Any CPU.ActiveCfg = Debug|Any CPU
		{2765c08a-f600-c212-3acf-7e809ed643ed}.Debug|Any CPU.Build.0 = Debug|Any CPU
		{92b0c9a5-7782-0d6b-143a-78aee6c94874}.Debug|Any CPU.ActiveCfg = Debug|Any CPU
		{92b0c9a5-7782-0d6b-143a-78aee6c94874}.Debug|Any CPU.Build.0 = Debug|Any CPU
		{a3cbcc1b-f312-ab79-a47f-a1b4b8728554}.Debug|Any CPU.ActiveCfg = Debug|Any CPU
		{a3cbcc1b-f312-ab79-a47f-a1b4b8728554}.Debug|Any CPU.Build.0 = Debug|Any CPU
		{7ece05da-a0fe-3c8b-9e61-9c5410ccb6f6}.Debug|Any CPU.ActiveCfg = Debug|Any CPU
		{7ece05da-a0fe-3c8b-9e61-9c5410ccb6f6}.Debug|Any CPU.Build.0 = Debug|Any CPU
		{713e826b-c6bb-c32e-ee7c-03e2bd737709}.Debug|Any CPU.ActiveCfg = Debug|Any CPU
		{713e826b-c6bb-c32e-ee7c-03e2bd737709}.Debug|Any CPU.Build.0 = Debug|Any CPU
		{cf797c79-bc70-3c54-e5a4-ea9a37e34fec}.Debug|Any CPU.ActiveCfg = Debug|Any CPU
		{cf797c79-bc70-3c54-e5a4-ea9a37e34fec}.Debug|Any CPU.Build.0 = Debug|Any CPU
		{55cd756a-e703-4034-8942-8652f565cec9}.Debug|Any CPU.ActiveCfg = Debug|Any CPU
		{55cd756a-e703-4034-8942-8652f565cec9}.Debug|Any CPU.Build.0 = Debug|Any CPU
		{116f129d-5cfb-306b-b3ee-94c55c1bf8df}.Debug|Any CPU.ActiveCfg = Debug|Any CPU
		{116f129d-5cfb-306b-b3ee-94c55c1bf8df}.Debug|Any CPU.Build.0 = Debug|Any CPU
		{b0964b58-5704-9aa4-276f-a8a65c19c4f7}.Debug|Any CPU.ActiveCfg = Debug|Any CPU
		{b0964b58-5704-9aa4-276f-a8a65c19c4f7}.Debug|Any CPU.Build.0 = Debug|Any CPU
		{b22c42cc-a626-90ed-c62e-24a364890cd0}.Debug|Any CPU.ActiveCfg = Debug|Any CPU
		{b22c42cc-a626-90ed-c62e-24a364890cd0}.Debug|Any CPU.Build.0 = Debug|Any CPU
		{3f11de05-49f3-c862-2795-7f798ea4d447}.Debug|Any CPU.ActiveCfg = Debug|Any CPU
		{3f11de05-49f3-c862-2795-7f798ea4d447}.Debug|Any CPU.Build.0 = Debug|Any CPU
		{4bed5380-e2a2-bc1e-062e-6230894488e5}.Debug|Any CPU.ActiveCfg = Debug|Any CPU
		{4bed5380-e2a2-bc1e-062e-6230894488e5}.Debug|Any CPU.Build.0 = Debug|Any CPU
		{338260bf-069b-ff68-04eb-6bb68ee575c8}.Debug|Any CPU.ActiveCfg = Debug|Any CPU
		{338260bf-069b-ff68-04eb-6bb68ee575c8}.Debug|Any CPU.Build.0 = Debug|Any CPU
		{123d7058-f01f-b206-efb5-38de18058664}.Debug|Any CPU.ActiveCfg = Debug|Any CPU
		{123d7058-f01f-b206-efb5-38de18058664}.Debug|Any CPU.Build.0 = Debug|Any CPU
		{d28e56dc-5561-a53e-38ba-5a4bc7018359}.Debug|Any CPU.ActiveCfg = Debug|Any CPU
		{d28e56dc-5561-a53e-38ba-5a4bc7018359}.Debug|Any CPU.Build.0 = Debug|Any CPU
		{fae98b5c-c0f4-b53a-c692-3429c6c1f921}.Debug|Any CPU.ActiveCfg = Debug|Any CPU
		{fae98b5c-c0f4-b53a-c692-3429c6c1f921}.Debug|Any CPU.Build.0 = Debug|Any CPU
		{7036a2e0-2c9e-b703-9a97-7dae18230337}.Debug|Any CPU.ActiveCfg = Debug|Any CPU
		{7036a2e0-2c9e-b703-9a97-7dae18230337}.Debug|Any CPU.Build.0 = Debug|Any CPU
		{1ba296a7-e2e6-eaa6-0b11-02cb804cc59d}.Debug|Any CPU.ActiveCfg = Debug|Any CPU
		{1ba296a7-e2e6-eaa6-0b11-02cb804cc59d}.Debug|Any CPU.Build.0 = Debug|Any CPU
		{0958eb86-24b5-0662-571d-91aef39057b1}.Debug|Any CPU.ActiveCfg = Debug|Any CPU
		{0958eb86-24b5-0662-571d-91aef39057b1}.Debug|Any CPU.Build.0 = Debug|Any CPU
		{463cf9ac-9d6b-787a-0fba-b293832edc68}.Debug|Any CPU.ActiveCfg = Debug|Any CPU
		{463cf9ac-9d6b-787a-0fba-b293832edc68}.Debug|Any CPU.Build.0 = Debug|Any CPU
		{342b7b69-01ba-2321-4de6-4090fb05cfbb}.Debug|Any CPU.ActiveCfg = Debug|Any CPU
		{342b7b69-01ba-2321-4de6-4090fb05cfbb}.Debug|Any CPU.Build.0 = Debug|Any CPU
		{421e38ca-8ba8-c216-8416-166d5ecdbe94}.Debug|Any CPU.ActiveCfg = Debug|Any CPU
		{421e38ca-8ba8-c216-8416-166d5ecdbe94}.Debug|Any CPU.Build.0 = Debug|Any CPU
		{34a6fd05-1d79-5031-496b-ef48c9f26be2}.Debug|Any CPU.ActiveCfg = Debug|Any CPU
		{34a6fd05-1d79-5031-496b-ef48c9f26be2}.Debug|Any CPU.Build.0 = Debug|Any CPU
		{21c9b905-e054-c144-84a8-61775fa1981a}.Debug|Any CPU.ActiveCfg = Debug|Any CPU
		{21c9b905-e054-c144-84a8-61775fa1981a}.Debug|Any CPU.Build.0 = Debug|Any CPU
	EndGlobalSection
	GlobalSection(SolutionProperties) = preSolution
		HideSolutionNode = FALSE
	EndGlobalSection
EndGlobal
