
Microsoft Visual Studio Solution File, Format Version 11.00
# Visual Studio 2010
Project("{FAE04EC0-301F-11D3-BF4B-00C04F79EFBC}") = "UnityEngine.TestRunner", "UnityEngine.TestRunner.csproj", "{870A074B-C6D0-1948-4F18-467F2A889215}"
EndProject
Project("{FAE04EC0-301F-11D3-BF4B-00C04F79EFBC}") = "Unity.2D.Animation.Triangle.Runtime", "Unity.2D.Animation.Triangle.Runtime.csproj", "{D3976EEC-4462-D144-B799-C51F3D6DE035}"
EndProject
Project("{FAE04EC0-301F-11D3-BF4B-00C04F79EFBC}") = "Assembly-CSharp", "Assembly-CSharp.csproj", "{17E908C5-2BE9-2553-1F4F-EA5A86D0FF93}"
EndProject
Project("{FAE04EC0-301F-11D3-BF4B-00C04F79EFBC}") = "UnityEngine.UI", "UnityEngine.UI.csproj", "{E38FCCE2-BD7F-5BE5-EC41-862A7E48B13F}"
EndProject
Project("{FAE04EC0-301F-11D3-BF4B-00C04F79EFBC}") = "Unity.TextMeshPro", "Unity.TextMeshPro.csproj", "{60006C8C-CEFF-D838-3188-D563DD6FB6CC}"
EndProject
Project("{FAE04EC0-301F-11D3-BF4B-00C04F79EFBC}") = "Unity.2D.Animation.Runtime", "Unity.2D.Animation.Runtime.csproj", "{95D1E0C4-64B9-AEE0-3279-DDF0C1CFD0D1}"
EndProject
Project("{FAE04EC0-301F-11D3-BF4B-00C04F79EFBC}") = "Unity.Timeline", "Unity.Timeline.csproj", "{BB67299A-B39B-3349-D6FC-8446FCCCAE18}"
EndProject
Project("{FAE04EC0-301F-11D3-BF4B-00C04F79EFBC}") = "Unity.Mathematics", "Unity.Mathematics.csproj", "{B05489FD-8FF8-F21B-3883-320B78697E79}"
EndProject
Project("{FAE04EC0-301F-11D3-BF4B-00C04F79EFBC}") = "Unity.2D.SpriteShape.Runtime", "Unity.2D.SpriteShape.Runtime.csproj", "{2BD6984C-E99E-117B-3AE0-3C9862538C9D}"
EndProject
Project("{FAE04EC0-301F-11D3-BF4B-00C04F79EFBC}") = "Unity.2D.PixelPerfect", "Unity.2D.PixelPerfect.csproj", "{F70BD690-9C6E-908F-FDA2-065A850F5DC8}"
EndProject
Project("{FAE04EC0-301F-11D3-BF4B-00C04F79EFBC}") = "Unity.InternalAPIEngineBridge.001", "Unity.InternalAPIEngineBridge.001.csproj", "{C2DB379A-0E9B-9DAE-D301-172E44B8A1C1}"
EndProject
Project("{FAE04EC0-301F-11D3-BF4B-00C04F79EFBC}") = "Unity.2D.Common.Runtime", "Unity.2D.Common.Runtime.csproj", "{D9CA0CF3-E021-41B6-3B22-3170E9544524}"
EndProject
Project("{FAE04EC0-301F-11D3-BF4B-00C04F79EFBC}") = "UnityEditor.TestRunner", "UnityEditor.TestRunner.csproj", "{9097C686-FCFE-D8F4-EDA3-DD3665912988}"
EndProject
Project("{FAE04EC0-301F-11D3-BF4B-00C04F79EFBC}") = "Unity.VisualStudio.Editor", "Unity.VisualStudio.Editor.csproj", "{29F11247-FF16-1ABB-2C6D-93C52B0EABFE}"
EndProject
Project("{FAE04EC0-301F-11D3-BF4B-00C04F79EFBC}") = "Unity.TextMeshPro.Editor", "Unity.TextMeshPro.Editor.csproj", "{982360C0-6A5D-1F13-062E-063B8D015790}"
EndProject
Project("{FAE04EC0-301F-11D3-BF4B-00C04F79EFBC}") = "Unity.Timeline.Editor", "Unity.Timeline.Editor.csproj", "{74313087-57C3-D575-D013-DEC0CE5A61FC}"
EndProject
Project("{FAE04EC0-301F-11D3-BF4B-00C04F79EFBC}") = "Unity.PlasticSCM.Editor", "Unity.PlasticSCM.Editor.csproj", "{16BD704C-00A0-56B3-0B58-B48F7DA27BAB}"
EndProject
Project("{FAE04EC0-301F-11D3-BF4B-00C04F79EFBC}") = "Unity.2D.Animation.Editor", "Unity.2D.Animation.Editor.csproj", "{C0B66020-DD9F-901F-860C-E66D8C2724C3}"
EndProject
Project("{FAE04EC0-301F-11D3-BF4B-00C04F79EFBC}") = "Unity.2D.Path.Editor", "Unity.2D.Path.Editor.csproj", "{254D779F-9890-03D9-84DD-18749758F82C}"
EndProject
Project("{FAE04EC0-301F-11D3-BF4B-00C04F79EFBC}") = "Unity.2D.Sprite.Editor", "Unity.2D.Sprite.Editor.csproj", "{2C11E2B4-8699-0710-F0EE-A80F11ECD252}"
EndProject
Project("{FAE04EC0-301F-11D3-BF4B-00C04F79EFBC}") = "UnityEditor.UI", "UnityEditor.UI.csproj", "{774197C2-6129-EC73-0DF2-68B25B40B4C0}"
EndProject
Project("{FAE04EC0-301F-11D3-BF4B-00C04F79EFBC}") = "Unity.Rider.Editor", "Unity.Rider.Editor.csproj", "{941E7E53-7AC4-F3C7-E9E0-8218C687C24B}"
EndProject
Project("{FAE04EC0-301F-11D3-BF4B-00C04F79EFBC}") = "Unity.2D.Tilemap.Editor", "Unity.2D.Tilemap.Editor.csproj", "{E3464EEC-97E0-D789-575B-CF412170287D}"
EndProject
Project("{FAE04EC0-301F-11D3-BF4B-00C04F79EFBC}") = "Unity.2D.SpriteShape.Editor", "Unity.2D.SpriteShape.Editor.csproj", "{022EDFE3-B31D-FC6C-AB89-56421755E062}"
EndProject
Project("{FAE04EC0-301F-11D3-BF4B-00C04F79EFBC}") = "PsdPlugin", "PsdPlugin.csproj", "{CF1A4D7C-25B3-80E7-BADC-245D6AEA5A14}"
EndProject
Project("{FAE04EC0-301F-11D3-BF4B-00C04F79EFBC}") = "Unity.CollabProxy.Editor", "Unity.CollabProxy.Editor.csproj", "{673147BB-133E-0B9B-1791-C30660E10567}"
EndProject
Project("{FAE04EC0-301F-11D3-BF4B-00C04F79EFBC}") = "Unity.VSCode.Editor", "Unity.VSCode.Editor.csproj", "{BD5988AA-E403-18FC-339F-34A465DDA571}"
EndProject
Project("{FAE04EC0-301F-11D3-BF4B-00C04F79EFBC}") = "Unity.2D.Common.Editor", "Unity.2D.Common.Editor.csproj", "{30DDF8BE-CE0F-EB88-5ADB-3982EE131BEA}"
EndProject
Project("{FAE04EC0-301F-11D3-BF4B-00C04F79EFBC}") = "Unity.2D.Psdimporter.Editor", "Unity.2D.Psdimporter.Editor.csproj", "{8A4B3B03-22EC-B7CF-4DB8-744FC334E734}"
EndProject
Project("{FAE04EC0-301F-11D3-BF4B-00C04F79EFBC}") = "Unity.2D.PixelPerfect.Editor", "Unity.2D.PixelPerfect.Editor.csproj", "{91547138-F802-27E8-E4A2-A432F9696C96}"
EndProject
Project("{FAE04EC0-301F-11D3-BF4B-00C04F79EFBC}") = "Unity.SysrootPackage.Editor", "Unity.SysrootPackage.Editor.csproj", "{8499368D-8939-AAFB-2C3A-ED0CC434280D}"
EndProject
Project("{FAE04EC0-301F-11D3-BF4B-00C04F79EFBC}") = "Unity.Mathematics.Editor", "Unity.Mathematics.Editor.csproj", "{45CC601F-C214-EC8F-78E1-C39644AA53C0}"
EndProject
Project("{FAE04EC0-301F-11D3-BF4B-00C04F79EFBC}") = "Unity.Sysroot.Linux_x86_64", "Unity.Sysroot.Linux_x86_64.csproj", "{7D3D5979-05D7-6398-AD4A-D6F0BB064648}"
EndProject
Project("{FAE04EC0-301F-11D3-BF4B-00C04F79EFBC}") = "Unity.InternalAPIEditorBridge.001", "Unity.InternalAPIEditorBridge.001.csproj", "{494EF0F4-EFB1-2B6E-42BA-CED5FC596CBC}"
EndProject
Project("{FAE04EC0-301F-11D3-BF4B-00C04F79EFBC}") = "Unity.Toolchain.Linux-x86_64", "Unity.Toolchain.Linux-x86_64.csproj", "{865AAEBA-ACE9-6F54-9B20-D4448BC44A2E}"
EndProject
Global
	GlobalSection(SolutionConfigurationPlatforms) = preSolution
		Debug|Any CPU = Debug|Any CPU
		Release|Any CPU = Release|Any CPU
	EndGlobalSection
	GlobalSection(ProjectConfigurationPlatforms) = postSolution
		{870A074B-C6D0-1948-4F18-467F2A889215}.Debug|Any CPU.ActiveCfg = Debug|Any CPU
		{870A074B-C6D0-1948-4F18-467F2A889215}.Debug|Any CPU.Build.0 = Debug|Any CPU
		{870A074B-C6D0-1948-4F18-467F2A889215}.Release|Any CPU.ActiveCfg = Release|Any CPU
		{870A074B-C6D0-1948-4F18-467F2A889215}.Release|Any CPU.Build.0 = Release|Any CPU
		{D3976EEC-4462-D144-B799-C51F3D6DE035}.Debug|Any CPU.ActiveCfg = Debug|Any CPU
		{D3976EEC-4462-D144-B799-C51F3D6DE035}.Debug|Any CPU.Build.0 = Debug|Any CPU
		{D3976EEC-4462-D144-B799-C51F3D6DE035}.Release|Any CPU.ActiveCfg = Release|Any CPU
		{D3976EEC-4462-D144-B799-C51F3D6DE035}.Release|Any CPU.Build.0 = Release|Any CPU
		{17E908C5-2BE9-2553-1F4F-EA5A86D0FF93}.Debug|Any CPU.ActiveCfg = Debug|Any CPU
		{17E908C5-2BE9-2553-1F4F-EA5A86D0FF93}.Debug|Any CPU.Build.0 = Debug|Any CPU
		{17E908C5-2BE9-2553-1F4F-EA5A86D0FF93}.Release|Any CPU.ActiveCfg = Release|Any CPU
		{17E908C5-2BE9-2553-1F4F-EA5A86D0FF93}.Release|Any CPU.Build.0 = Release|Any CPU
		{E38FCCE2-BD7F-5BE5-EC41-862A7E48B13F}.Debug|Any CPU.ActiveCfg = Debug|Any CPU
		{E38FCCE2-BD7F-5BE5-EC41-862A7E48B13F}.Debug|Any CPU.Build.0 = Debug|Any CPU
		{E38FCCE2-BD7F-5BE5-EC41-862A7E48B13F}.Release|Any CPU.ActiveCfg = Release|Any CPU
		{E38FCCE2-BD7F-5BE5-EC41-862A7E48B13F}.Release|Any CPU.Build.0 = Release|Any CPU
		{60006C8C-CEFF-D838-3188-D563DD6FB6CC}.Debug|Any CPU.ActiveCfg = Debug|Any CPU
		{60006C8C-CEFF-D838-3188-D563DD6FB6CC}.Debug|Any CPU.Build.0 = Debug|Any CPU
		{60006C8C-CEFF-D838-3188-D563DD6FB6CC}.Release|Any CPU.ActiveCfg = Release|Any CPU
		{60006C8C-CEFF-D838-3188-D563DD6FB6CC}.Release|Any CPU.Build.0 = Release|Any CPU
		{95D1E0C4-64B9-AEE0-3279-DDF0C1CFD0D1}.Debug|Any CPU.ActiveCfg = Debug|Any CPU
		{95D1E0C4-64B9-AEE0-3279-DDF0C1CFD0D1}.Debug|Any CPU.Build.0 = Debug|Any CPU
		{95D1E0C4-64B9-AEE0-3279-DDF0C1CFD0D1}.Release|Any CPU.ActiveCfg = Release|Any CPU
		{95D1E0C4-64B9-AEE0-3279-DDF0C1CFD0D1}.Release|Any CPU.Build.0 = Release|Any CPU
		{BB67299A-B39B-3349-D6FC-8446FCCCAE18}.Debug|Any CPU.ActiveCfg = Debug|Any CPU
		{BB67299A-B39B-3349-D6FC-8446FCCCAE18}.Debug|Any CPU.Build.0 = Debug|Any CPU
		{BB67299A-B39B-3349-D6FC-8446FCCCAE18}.Release|Any CPU.ActiveCfg = Release|Any CPU
		{BB67299A-B39B-3349-D6FC-8446FCCCAE18}.Release|Any CPU.Build.0 = Release|Any CPU
		{B05489FD-8FF8-F21B-3883-320B78697E79}.Debug|Any CPU.ActiveCfg = Debug|Any CPU
		{B05489FD-8FF8-F21B-3883-320B78697E79}.Debug|Any CPU.Build.0 = Debug|Any CPU
		{B05489FD-8FF8-F21B-3883-320B78697E79}.Release|Any CPU.ActiveCfg = Release|Any CPU
		{B05489FD-8FF8-F21B-3883-320B78697E79}.Release|Any CPU.Build.0 = Release|Any CPU
		{2BD6984C-E99E-117B-3AE0-3C9862538C9D}.Debug|Any CPU.ActiveCfg = Debug|Any CPU
		{2BD6984C-E99E-117B-3AE0-3C9862538C9D}.Debug|Any CPU.Build.0 = Debug|Any CPU
		{2BD6984C-E99E-117B-3AE0-3C9862538C9D}.Release|Any CPU.ActiveCfg = Release|Any CPU
		{2BD6984C-E99E-117B-3AE0-3C9862538C9D}.Release|Any CPU.Build.0 = Release|Any CPU
		{F70BD690-9C6E-908F-FDA2-065A850F5DC8}.Debug|Any CPU.ActiveCfg = Debug|Any CPU
		{F70BD690-9C6E-908F-FDA2-065A850F5DC8}.Debug|Any CPU.Build.0 = Debug|Any CPU
		{F70BD690-9C6E-908F-FDA2-065A850F5DC8}.Release|Any CPU.ActiveCfg = Release|Any CPU
		{F70BD690-9C6E-908F-FDA2-065A850F5DC8}.Release|Any CPU.Build.0 = Release|Any CPU
		{C2DB379A-0E9B-9DAE-D301-172E44B8A1C1}.Debug|Any CPU.ActiveCfg = Debug|Any CPU
		{C2DB379A-0E9B-9DAE-D301-172E44B8A1C1}.Debug|Any CPU.Build.0 = Debug|Any CPU
		{C2DB379A-0E9B-9DAE-D301-172E44B8A1C1}.Release|Any CPU.ActiveCfg = Release|Any CPU
		{C2DB379A-0E9B-9DAE-D301-172E44B8A1C1}.Release|Any CPU.Build.0 = Release|Any CPU
		{D9CA0CF3-E021-41B6-3B22-3170E9544524}.Debug|Any CPU.ActiveCfg = Debug|Any CPU
		{D9CA0CF3-E021-41B6-3B22-3170E9544524}.Debug|Any CPU.Build.0 = Debug|Any CPU
		{D9CA0CF3-E021-41B6-3B22-3170E9544524}.Release|Any CPU.ActiveCfg = Release|Any CPU
		{D9CA0CF3-E021-41B6-3B22-3170E9544524}.Release|Any CPU.Build.0 = Release|Any CPU
		{9097C686-FCFE-D8F4-EDA3-DD3665912988}.Debug|Any CPU.ActiveCfg = Debug|Any CPU
		{9097C686-FCFE-D8F4-EDA3-DD3665912988}.Debug|Any CPU.Build.0 = Debug|Any CPU
		{9097C686-FCFE-D8F4-EDA3-DD3665912988}.Release|Any CPU.ActiveCfg = Release|Any CPU
		{9097C686-FCFE-D8F4-EDA3-DD3665912988}.Release|Any CPU.Build.0 = Release|Any CPU
		{29F11247-FF16-1ABB-2C6D-93C52B0EABFE}.Debug|Any CPU.ActiveCfg = Debug|Any CPU
		{29F11247-FF16-1ABB-2C6D-93C52B0EABFE}.Debug|Any CPU.Build.0 = Debug|Any CPU
		{29F11247-FF16-1ABB-2C6D-93C52B0EABFE}.Release|Any CPU.ActiveCfg = Release|Any CPU
		{29F11247-FF16-1ABB-2C6D-93C52B0EABFE}.Release|Any CPU.Build.0 = Release|Any CPU
		{982360C0-6A5D-1F13-062E-063B8D015790}.Debug|Any CPU.ActiveCfg = Debug|Any CPU
		{982360C0-6A5D-1F13-062E-063B8D015790}.Debug|Any CPU.Build.0 = Debug|Any CPU
		{982360C0-6A5D-1F13-062E-063B8D015790}.Release|Any CPU.ActiveCfg = Release|Any CPU
		{982360C0-6A5D-1F13-062E-063B8D015790}.Release|Any CPU.Build.0 = Release|Any CPU
		{74313087-57C3-D575-D013-DEC0CE5A61FC}.Debug|Any CPU.ActiveCfg = Debug|Any CPU
		{74313087-57C3-D575-D013-DEC0CE5A61FC}.Debug|Any CPU.Build.0 = Debug|Any CPU
		{74313087-57C3-D575-D013-DEC0CE5A61FC}.Release|Any CPU.ActiveCfg = Release|Any CPU
		{74313087-57C3-D575-D013-DEC0CE5A61FC}.Release|Any CPU.Build.0 = Release|Any CPU
		{16BD704C-00A0-56B3-0B58-B48F7DA27BAB}.Debug|Any CPU.ActiveCfg = Debug|Any CPU
		{16BD704C-00A0-56B3-0B58-B48F7DA27BAB}.Debug|Any CPU.Build.0 = Debug|Any CPU
		{16BD704C-00A0-56B3-0B58-B48F7DA27BAB}.Release|Any CPU.ActiveCfg = Release|Any CPU
		{16BD704C-00A0-56B3-0B58-B48F7DA27BAB}.Release|Any CPU.Build.0 = Release|Any CPU
		{C0B66020-DD9F-901F-860C-E66D8C2724C3}.Debug|Any CPU.ActiveCfg = Debug|Any CPU
		{C0B66020-DD9F-901F-860C-E66D8C2724C3}.Debug|Any CPU.Build.0 = Debug|Any CPU
		{C0B66020-DD9F-901F-860C-E66D8C2724C3}.Release|Any CPU.ActiveCfg = Release|Any CPU
		{C0B66020-DD9F-901F-860C-E66D8C2724C3}.Release|Any CPU.Build.0 = Release|Any CPU
		{254D779F-9890-03D9-84DD-18749758F82C}.Debug|Any CPU.ActiveCfg = Debug|Any CPU
		{254D779F-9890-03D9-84DD-18749758F82C}.Debug|Any CPU.Build.0 = Debug|Any CPU
		{254D779F-9890-03D9-84DD-18749758F82C}.Release|Any CPU.ActiveCfg = Release|Any CPU
		{254D779F-9890-03D9-84DD-18749758F82C}.Release|Any CPU.Build.0 = Release|Any CPU
		{2C11E2B4-8699-0710-F0EE-A80F11ECD252}.Debug|Any CPU.ActiveCfg = Debug|Any CPU
		{2C11E2B4-8699-0710-F0EE-A80F11ECD252}.Debug|Any CPU.Build.0 = Debug|Any CPU
		{2C11E2B4-8699-0710-F0EE-A80F11ECD252}.Release|Any CPU.ActiveCfg = Release|Any CPU
		{2C11E2B4-8699-0710-F0EE-A80F11ECD252}.Release|Any CPU.Build.0 = Release|Any CPU
		{774197C2-6129-EC73-0DF2-68B25B40B4C0}.Debug|Any CPU.ActiveCfg = Debug|Any CPU
		{774197C2-6129-EC73-0DF2-68B25B40B4C0}.Debug|Any CPU.Build.0 = Debug|Any CPU
		{774197C2-6129-EC73-0DF2-68B25B40B4C0}.Release|Any CPU.ActiveCfg = Release|Any CPU
		{774197C2-6129-EC73-0DF2-68B25B40B4C0}.Release|Any CPU.Build.0 = Release|Any CPU
		{941E7E53-7AC4-F3C7-E9E0-8218C687C24B}.Debug|Any CPU.ActiveCfg = Debug|Any CPU
		{941E7E53-7AC4-F3C7-E9E0-8218C687C24B}.Debug|Any CPU.Build.0 = Debug|Any CPU
		{941E7E53-7AC4-F3C7-E9E0-8218C687C24B}.Release|Any CPU.ActiveCfg = Release|Any CPU
		{941E7E53-7AC4-F3C7-E9E0-8218C687C24B}.Release|Any CPU.Build.0 = Release|Any CPU
		{E3464EEC-97E0-D789-575B-CF412170287D}.Debug|Any CPU.ActiveCfg = Debug|Any CPU
		{E3464EEC-97E0-D789-575B-CF412170287D}.Debug|Any CPU.Build.0 = Debug|Any CPU
		{E3464EEC-97E0-D789-575B-CF412170287D}.Release|Any CPU.ActiveCfg = Release|Any CPU
		{E3464EEC-97E0-D789-575B-CF412170287D}.Release|Any CPU.Build.0 = Release|Any CPU
		{022EDFE3-B31D-FC6C-AB89-56421755E062}.Debug|Any CPU.ActiveCfg = Debug|Any CPU
		{022EDFE3-B31D-FC6C-AB89-56421755E062}.Debug|Any CPU.Build.0 = Debug|Any CPU
		{022EDFE3-B31D-FC6C-AB89-56421755E062}.Release|Any CPU.ActiveCfg = Release|Any CPU
		{022EDFE3-B31D-FC6C-AB89-56421755E062}.Release|Any CPU.Build.0 = Release|Any CPU
		{CF1A4D7C-25B3-80E7-BADC-245D6AEA5A14}.Debug|Any CPU.ActiveCfg = Debug|Any CPU
		{CF1A4D7C-25B3-80E7-BADC-245D6AEA5A14}.Debug|Any CPU.Build.0 = Debug|Any CPU
		{CF1A4D7C-25B3-80E7-BADC-245D6AEA5A14}.Release|Any CPU.ActiveCfg = Release|Any CPU
		{CF1A4D7C-25B3-80E7-BADC-245D6AEA5A14}.Release|Any CPU.Build.0 = Release|Any CPU
		{673147BB-133E-0B9B-1791-C30660E10567}.Debug|Any CPU.ActiveCfg = Debug|Any CPU
		{673147BB-133E-0B9B-1791-C30660E10567}.Debug|Any CPU.Build.0 = Debug|Any CPU
		{673147BB-133E-0B9B-1791-C30660E10567}.Release|Any CPU.ActiveCfg = Release|Any CPU
		{673147BB-133E-0B9B-1791-C30660E10567}.Release|Any CPU.Build.0 = Release|Any CPU
		{BD5988AA-E403-18FC-339F-34A465DDA571}.Debug|Any CPU.ActiveCfg = Debug|Any CPU
		{BD5988AA-E403-18FC-339F-34A465DDA571}.Debug|Any CPU.Build.0 = Debug|Any CPU
		{BD5988AA-E403-18FC-339F-34A465DDA571}.Release|Any CPU.ActiveCfg = Release|Any CPU
		{BD5988AA-E403-18FC-339F-34A465DDA571}.Release|Any CPU.Build.0 = Release|Any CPU
		{30DDF8BE-CE0F-EB88-5ADB-3982EE131BEA}.Debug|Any CPU.ActiveCfg = Debug|Any CPU
		{30DDF8BE-CE0F-EB88-5ADB-3982EE131BEA}.Debug|Any CPU.Build.0 = Debug|Any CPU
		{30DDF8BE-CE0F-EB88-5ADB-3982EE131BEA}.Release|Any CPU.ActiveCfg = Release|Any CPU
		{30DDF8BE-CE0F-EB88-5ADB-3982EE131BEA}.Release|Any CPU.Build.0 = Release|Any CPU
		{8A4B3B03-22EC-B7CF-4DB8-744FC334E734}.Debug|Any CPU.ActiveCfg = Debug|Any CPU
		{8A4B3B03-22EC-B7CF-4DB8-744FC334E734}.Debug|Any CPU.Build.0 = Debug|Any CPU
		{8A4B3B03-22EC-B7CF-4DB8-744FC334E734}.Release|Any CPU.ActiveCfg = Release|Any CPU
		{8A4B3B03-22EC-B7CF-4DB8-744FC334E734}.Release|Any CPU.Build.0 = Release|Any CPU
		{91547138-F802-27E8-E4A2-A432F9696C96}.Debug|Any CPU.ActiveCfg = Debug|Any CPU
		{91547138-F802-27E8-E4A2-A432F9696C96}.Debug|Any CPU.Build.0 = Debug|Any CPU
		{91547138-F802-27E8-E4A2-A432F9696C96}.Release|Any CPU.ActiveCfg = Release|Any CPU
		{91547138-F802-27E8-E4A2-A432F9696C96}.Release|Any CPU.Build.0 = Release|Any CPU
		{8499368D-8939-AAFB-2C3A-ED0CC434280D}.Debug|Any CPU.ActiveCfg = Debug|Any CPU
		{8499368D-8939-AAFB-2C3A-ED0CC434280D}.Debug|Any CPU.Build.0 = Debug|Any CPU
		{8499368D-8939-AAFB-2C3A-ED0CC434280D}.Release|Any CPU.ActiveCfg = Release|Any CPU
		{8499368D-8939-AAFB-2C3A-ED0CC434280D}.Release|Any CPU.Build.0 = Release|Any CPU
		{45CC601F-C214-EC8F-78E1-C39644AA53C0}.Debug|Any CPU.ActiveCfg = Debug|Any CPU
		{45CC601F-C214-EC8F-78E1-C39644AA53C0}.Debug|Any CPU.Build.0 = Debug|Any CPU
		{45CC601F-C214-EC8F-78E1-C39644AA53C0}.Release|Any CPU.ActiveCfg = Release|Any CPU
		{45CC601F-C214-EC8F-78E1-C39644AA53C0}.Release|Any CPU.Build.0 = Release|Any CPU
		{7D3D5979-05D7-6398-AD4A-D6F0BB064648}.Debug|Any CPU.ActiveCfg = Debug|Any CPU
		{7D3D5979-05D7-6398-AD4A-D6F0BB064648}.Debug|Any CPU.Build.0 = Debug|Any CPU
		{7D3D5979-05D7-6398-AD4A-D6F0BB064648}.Release|Any CPU.ActiveCfg = Release|Any CPU
		{7D3D5979-05D7-6398-AD4A-D6F0BB064648}.Release|Any CPU.Build.0 = Release|Any CPU
		{494EF0F4-EFB1-2B6E-42BA-CED5FC596CBC}.Debug|Any CPU.ActiveCfg = Debug|Any CPU
		{494EF0F4-EFB1-2B6E-42BA-CED5FC596CBC}.Debug|Any CPU.Build.0 = Debug|Any CPU
		{494EF0F4-EFB1-2B6E-42BA-CED5FC596CBC}.Release|Any CPU.ActiveCfg = Release|Any CPU
		{494EF0F4-EFB1-2B6E-42BA-CED5FC596CBC}.Release|Any CPU.Build.0 = Release|Any CPU
		{865AAEBA-ACE9-6F54-9B20-D4448BC44A2E}.Debug|Any CPU.ActiveCfg = Debug|Any CPU
		{865AAEBA-ACE9-6F54-9B20-D4448BC44A2E}.Debug|Any CPU.Build.0 = Debug|Any CPU
		{865AAEBA-ACE9-6F54-9B20-D4448BC44A2E}.Release|Any CPU.ActiveCfg = Release|Any CPU
		{865AAEBA-ACE9-6F54-9B20-D4448BC44A2E}.Release|Any CPU.Build.0 = Release|Any CPU
	EndGlobalSection
	GlobalSection(SolutionProperties) = preSolution
		HideSolutionNode = FALSE
	EndGlobalSection
EndGlobal
